
Microsoft Visual Studio Solution File, Format Version 12.00
# Visual Studio 15
VisualStudioVersion = 15.0.27428.2011
MinimumVisualStudioVersion = 10.0.40219.1
Project("{FAE04EC0-301F-11D3-BF4B-00C04F79EFBC}") = "TinyMCEDemo", "TinyMCEDemo\TinyMCEDemo.csproj", "{29A584F7-EB89-4D6D-A5E2-AE186A997E8E}"
EndProject
Global
	GlobalSection(SolutionConfigurationPlatforms) = preSolution
		Debug|Any CPU = Debug|Any CPU
		Release|Any CPU = Release|Any CPU
	EndGlobalSection
	GlobalSection(ProjectConfigurationPlatforms) = postSolution
		{29A584F7-EB89-4D6D-A5E2-AE186A997E8E}.Debug|Any CPU.ActiveCfg = Debug|Any CPU
		{29A584F7-EB89-4D6D-A5E2-AE186A997E8E}.Debug|Any CPU.Build.0 = Debug|Any CPU
		{29A584F7-EB89-4D6D-A5E2-AE186A997E8E}.Release|Any CPU.ActiveCfg = Release|Any CPU
		{29A584F7-EB89-4D6D-A5E2-AE186A997E8E}.Release|Any CPU.Build.0 = Release|Any CPU
	EndGlobalSection
	GlobalSection(SolutionProperties) = preSolution
		HideSolutionNode = FALSE
	EndGlobalSection
	GlobalSection(ExtensibilityGlobals) = postSolution
		SolutionGuid = {D8697D65-E56C-411C-92AB-36E761BDF638}
	EndGlobalSection
EndGlobal
